// !$*UTF8*$!
{
	archiveVersion = 1;
	classes = {
	};
	objectVersion = 56;
	objects = {

/* Begin PBXBuildFile section */
		A247EF4229A7E8FC009D9BF2 /* AppDelegate.swift in Sources */ = {isa = PBXBuildFile; fileRef = A247EF4129A7E8FC009D9BF2 /* AppDelegate.swift */; };
		A247EF4429A7E8FC009D9BF2 /* SceneDelegate.swift in Sources */ = {isa = PBXBuildFile; fileRef = A247EF4329A7E8FC009D9BF2 /* SceneDelegate.swift */; };
		A247EF4629A7E8FC009D9BF2 /* ViewController.swift in Sources */ = {isa = PBXBuildFile; fileRef = A247EF4529A7E8FC009D9BF2 /* ViewController.swift */; };
		A247EF4929A7E8FC009D9BF2 /* Main.storyboard in Resources */ = {isa = PBXBuildFile; fileRef = A247EF4729A7E8FC009D9BF2 /* Main.storyboard */; };
		A247EF4C29A7E8FC009D9BF2 /* PokemonGO.xcdatamodeld in Sources */ = {isa = PBXBuildFile; fileRef = A247EF4A29A7E8FC009D9BF2 /* PokemonGO.xcdatamodeld */; };
		A247EF4E29A7E8FD009D9BF2 /* Assets.xcassets in Resources */ = {isa = PBXBuildFile; fileRef = A247EF4D29A7E8FD009D9BF2 /* Assets.xcassets */; };
		A247EF5129A7E8FD009D9BF2 /* LaunchScreen.storyboard in Resources */ = {isa = PBXBuildFile; fileRef = A247EF4F29A7E8FD009D9BF2 /* LaunchScreen.storyboard */; };
		A247EF5A29A7E946009D9BF2 /* MapKit.framework in Frameworks */ = {isa = PBXBuildFile; fileRef = A247EF5929A7E946009D9BF2 /* MapKit.framework */; };
		A2FEEB0D29A8F59200ABCF63 /* CoreDataPokemon.swift in Sources */ = {isa = PBXBuildFile; fileRef = A2FEEB0C29A8F59200ABCF63 /* CoreDataPokemon.swift */; };
		A2FEEB0F29A97B0000ABCF63 /* PokemonAnotacao.swift in Sources */ = {isa = PBXBuildFile; fileRef = A2FEEB0E29A97B0000ABCF63 /* PokemonAnotacao.swift */; };
		A2FEEB1129AC07A100ABCF63 /* PokeAgendaViewController.swift in Sources */ = {isa = PBXBuildFile; fileRef = A2FEEB1029AC07A100ABCF63 /* PokeAgendaViewController.swift */; };
/* End PBXBuildFile section */

/* Begin PBXFileReference section */
		A247EF3E29A7E8FC009D9BF2 /* PokemonGO.app */ = {isa = PBXFileReference; explicitFileType = wrapper.application; includeInIndex = 0; path = PokemonGO.app; sourceTree = BUILT_PRODUCTS_DIR; };
		A247EF4129A7E8FC009D9BF2 /* AppDelegate.swift */ = {isa = PBXFileReference; lastKnownFileType = sourcecode.swift; path = AppDelegate.swift; sourceTree = "<group>"; };
		A247EF4329A7E8FC009D9BF2 /* SceneDelegate.swift */ = {isa = PBXFileReference; lastKnownFileType = sourcecode.swift; path = SceneDelegate.swift; sourceTree = "<group>"; };
		A247EF4529A7E8FC009D9BF2 /* ViewController.swift */ = {isa = PBXFileReference; lastKnownFileType = sourcecode.swift; path = ViewController.swift; sourceTree = "<group>"; };
		A247EF4829A7E8FC009D9BF2 /* Base */ = {isa = PBXFileReference; lastKnownFileType = file.storyboard; name = Base; path = Base.lproj/Main.storyboard; sourceTree = "<group>"; };
		A247EF4B29A7E8FC009D9BF2 /* PokemonGO.xcdatamodel */ = {isa = PBXFileReference; lastKnownFileType = wrapper.xcdatamodel; path = PokemonGO.xcdatamodel; sourceTree = "<group>"; };
		A247EF4D29A7E8FD009D9BF2 /* Assets.xcassets */ = {isa = PBXFileReference; lastKnownFileType = folder.assetcatalog; path = Assets.xcassets; sourceTree = "<group>"; };
		A247EF5029A7E8FD009D9BF2 /* Base */ = {isa = PBXFileReference; lastKnownFileType = file.storyboard; name = Base; path = Base.lproj/LaunchScreen.storyboard; sourceTree = "<group>"; };
		A247EF5229A7E8FD009D9BF2 /* Info.plist */ = {isa = PBXFileReference; lastKnownFileType = text.plist.xml; path = Info.plist; sourceTree = "<group>"; };
		A247EF5929A7E946009D9BF2 /* MapKit.framework */ = {isa = PBXFileReference; lastKnownFileType = wrapper.framework; name = MapKit.framework; path = System/Library/Frameworks/MapKit.framework; sourceTree = SDKROOT; };
		A2FEEB0B29A84ABF00ABCF63 /* MyPlayground.playground */ = {isa = PBXFileReference; lastKnownFileType = file.playground; path = MyPlayground.playground; sourceTree = "<group>"; xcLanguageSpecificationIdentifier = xcode.lang.swift; };
		A2FEEB0C29A8F59200ABCF63 /* CoreDataPokemon.swift */ = {isa = PBXFileReference; lastKnownFileType = sourcecode.swift; path = CoreDataPokemon.swift; sourceTree = "<group>"; };
		A2FEEB0E29A97B0000ABCF63 /* PokemonAnotacao.swift */ = {isa = PBXFileReference; lastKnownFileType = sourcecode.swift; path = PokemonAnotacao.swift; sourceTree = "<group>"; };
		A2FEEB1029AC07A100ABCF63 /* PokeAgendaViewController.swift */ = {isa = PBXFileReference; lastKnownFileType = sourcecode.swift; path = PokeAgendaViewController.swift; sourceTree = "<group>"; };
/* End PBXFileReference section */

/* Begin PBXFrameworksBuildPhase section */
		A247EF3B29A7E8FC009D9BF2 /* Frameworks */ = {
			isa = PBXFrameworksBuildPhase;
			buildActionMask = 2147483647;
			files = (
				A247EF5A29A7E946009D9BF2 /* MapKit.framework in Frameworks */,
			);
			runOnlyForDeploymentPostprocessing = 0;
		};
/* End PBXFrameworksBuildPhase section */

/* Begin PBXGroup section */
		A247EF3529A7E8FC009D9BF2 = {
			isa = PBXGroup;
			children = (
				A2FEEB0B29A84ABF00ABCF63 /* MyPlayground.playground */,
				A247EF4029A7E8FC009D9BF2 /* PokemonGO */,
				A247EF3F29A7E8FC009D9BF2 /* Products */,
				A247EF5829A7E946009D9BF2 /* Frameworks */,
			);
			sourceTree = "<group>";
		};
		A247EF3F29A7E8FC009D9BF2 /* Products */ = {
			isa = PBXGroup;
			children = (
				A247EF3E29A7E8FC009D9BF2 /* PokemonGO.app */,
			);
			name = Products;
			sourceTree = "<group>";
		};
		A247EF4029A7E8FC009D9BF2 /* PokemonGO */ = {
			isa = PBXGroup;
			children = (
				A2FEEB0E29A97B0000ABCF63 /* PokemonAnotacao.swift */,
				A247EF4129A7E8FC009D9BF2 /* AppDelegate.swift */,
				A247EF4329A7E8FC009D9BF2 /* SceneDelegate.swift */,
				A247EF4529A7E8FC009D9BF2 /* ViewController.swift */,
				A2FEEB0C29A8F59200ABCF63 /* CoreDataPokemon.swift */,
				A247EF4729A7E8FC009D9BF2 /* Main.storyboard */,
				A2FEEB1029AC07A100ABCF63 /* PokeAgendaViewController.swift */,
				A247EF4D29A7E8FD009D9BF2 /* Assets.xcassets */,
				A247EF4F29A7E8FD009D9BF2 /* LaunchScreen.storyboard */,
				A247EF5229A7E8FD009D9BF2 /* Info.plist */,
				A247EF4A29A7E8FC009D9BF2 /* PokemonGO.xcdatamodeld */,
			);
			path = PokemonGO;
			sourceTree = "<group>";
		};
		A247EF5829A7E946009D9BF2 /* Frameworks */ = {
			isa = PBXGroup;
			children = (
				A247EF5929A7E946009D9BF2 /* MapKit.framework */,
			);
			name = Frameworks;
			sourceTree = "<group>";
		};
/* End PBXGroup section */

/* Begin PBXNativeTarget section */
		A247EF3D29A7E8FC009D9BF2 /* PokemonGO */ = {
			isa = PBXNativeTarget;
			buildConfigurationList = A247EF5529A7E8FD009D9BF2 /* Build configuration list for PBXNativeTarget "PokemonGO" */;
			buildPhases = (
				A247EF3A29A7E8FC009D9BF2 /* Sources */,
				A247EF3B29A7E8FC009D9BF2 /* Frameworks */,
				A247EF3C29A7E8FC009D9BF2 /* Resources */,
			);
			buildRules = (
			);
			dependencies = (
			);
			name = PokemonGO;
			productName = PokemonGO;
			productReference = A247EF3E29A7E8FC009D9BF2 /* PokemonGO.app */;
			productType = "com.apple.product-type.application";
		};
/* End PBXNativeTarget section */

/* Begin PBXProject section */
		A247EF3629A7E8FC009D9BF2 /* Project object */ = {
			isa = PBXProject;
			attributes = {
				BuildIndependentTargetsInParallel = 1;
				LastSwiftUpdateCheck = 1420;
				LastUpgradeCheck = 1420;
				TargetAttributes = {
					A247EF3D29A7E8FC009D9BF2 = {
						CreatedOnToolsVersion = 14.2;
					};
				};
			};
			buildConfigurationList = A247EF3929A7E8FC009D9BF2 /* Build configuration list for PBXProject "PokemonGO" */;
			compatibilityVersion = "Xcode 14.0";
			developmentRegion = en;
			hasScannedForEncodings = 0;
			knownRegions = (
				en,
				Base,
			);
			mainGroup = A247EF3529A7E8FC009D9BF2;
			productRefGroup = A247EF3F29A7E8FC009D9BF2 /* Products */;
			projectDirPath = "";
			projectRoot = "";
			targets = (
				A247EF3D29A7E8FC009D9BF2 /* PokemonGO */,
			);
		};
/* End PBXProject section */

/* Begin PBXResourcesBuildPhase section */
		A247EF3C29A7E8FC009D9BF2 /* Resources */ = {
			isa = PBXResourcesBuildPhase;
			buildActionMask = 2147483647;
			files = (
				A247EF5129A7E8FD009D9BF2 /* LaunchScreen.storyboard in Resources */,
				A247EF4E29A7E8FD009D9BF2 /* Assets.xcassets in Resources */,
				A247EF4929A7E8FC009D9BF2 /* Main.storyboard in Resources */,
			);
			runOnlyForDeploymentPostprocessing = 0;
		};
/* End PBXResourcesBuildPhase section */

/* Begin PBXSourcesBuildPhase section */
		A247EF3A29A7E8FC009D9BF2 /* Sources */ = {
			isa = PBXSourcesBuildPhase;
			buildActionMask = 2147483647;
			files = (
				A247EF4629A7E8FC009D9BF2 /* ViewController.swift in Sources */,
				A247EF4C29A7E8FC009D9BF2 /* PokemonGO.xcdatamodeld in Sources */,
				A2FEEB1129AC07A100ABCF63 /* PokeAgendaViewController.swift in Sources */,
				A247EF4229A7E8FC009D9BF2 /* AppDelegate.swift in Sources */,
				A2FEEB0F29A97B0000ABCF63 /* PokemonAnotacao.swift in Sources */,
				A247EF4429A7E8FC009D9BF2 /* SceneDelegate.swift in Sources */,
				A2FEEB0D29A8F59200ABCF63 /* CoreDataPokemon.swift in Sources */,
			);
			runOnlyForDeploymentPostprocessing = 0;
		};
/* End PBXSourcesBuildPhase section */

/* Begin PBXVariantGroup section */
		A247EF4729A7E8FC009D9BF2 /* Main.storyboard */ = {
			isa = PBXVariantGroup;
			children = (
				A247EF4829A7E8FC009D9BF2 /* Base */,
			);
			name = Main.storyboard;
			sourceTree = "<group>";
		};
		A247EF4F29A7E8FD009D9BF2 /* LaunchScreen.storyboard */ = {
			isa = PBXVariantGroup;
			children = (
				A247EF5029A7E8FD009D9BF2 /* Base */,
			);
			name = LaunchScreen.storyboard;
			sourceTree = "<group>";
		};
/* End PBXVariantGroup section */

/* Begin XCBuildConfiguration section */
		A247EF5329A7E8FD009D9BF2 /* Debug */ = {
			isa = XCBuildConfiguration;
			buildSettings = {
				ALWAYS_SEARCH_USER_PATHS = NO;
				CLANG_ANALYZER_NONNULL = YES;
				CLANG_ANALYZER_NUMBER_OBJECT_CONVERSION = YES_AGGRESSIVE;
				CLANG_CXX_LANGUAGE_STANDARD = "gnu++20";
				CLANG_ENABLE_MODULES = YES;
				CLANG_ENABLE_OBJC_ARC = YES;
				CLANG_ENABLE_OBJC_WEAK = YES;
				CLANG_WARN_BLOCK_CAPTURE_AUTORELEASING = YES;
				CLANG_WARN_BOOL_CONVERSION = YES;
				CLANG_WARN_COMMA = YES;
				CLANG_WARN_CONSTANT_CONVERSION = YES;
				CLANG_WARN_DEPRECATED_OBJC_IMPLEMENTATIONS = YES;
				CLANG_WARN_DIRECT_OBJC_ISA_USAGE = YES_ERROR;
				CLANG_WARN_DOCUMENTATION_COMMENTS = YES;
				CLANG_WARN_EMPTY_BODY = YES;
				CLANG_WARN_ENUM_CONVERSION = YES;
				CLANG_WARN_INFINITE_RECURSION = YES;
				CLANG_WARN_INT_CONVERSION = YES;
				CLANG_WARN_NON_LITERAL_NULL_CONVERSION = YES;
				CLANG_WARN_OBJC_IMPLICIT_RETAIN_SELF = YES;
				CLANG_WARN_OBJC_LITERAL_CONVERSION = YES;
				CLANG_WARN_OBJC_ROOT_CLASS = YES_ERROR;
				CLANG_WARN_QUOTED_INCLUDE_IN_FRAMEWORK_HEADER = YES;
				CLANG_WARN_RANGE_LOOP_ANALYSIS = YES;
				CLANG_WARN_STRICT_PROTOTYPES = YES;
				CLANG_WARN_SUSPICIOUS_MOVE = YES;
				CLANG_WARN_UNGUARDED_AVAILABILITY = YES_AGGRESSIVE;
				CLANG_WARN_UNREACHABLE_CODE = YES;
				CLANG_WARN__DUPLICATE_METHOD_MATCH = YES;
				COPY_PHASE_STRIP = NO;
				DEBUG_INFORMATION_FORMAT = dwarf;
				ENABLE_STRICT_OBJC_MSGSEND = YES;
				ENABLE_TESTABILITY = YES;
				GCC_C_LANGUAGE_STANDARD = gnu11;
				GCC_DYNAMIC_NO_PIC = NO;
				GCC_NO_COMMON_BLOCKS = YES;
				GCC_OPTIMIZATION_LEVEL = 0;
				GCC_PREPROCESSOR_DEFINITIONS = (
					"DEBUG=1",
					"$(inherited)",
				);
				GCC_WARN_64_TO_32_BIT_CONVERSION = YES;
				GCC_WARN_ABOUT_RETURN_TYPE = YES_ERROR;
				GCC_WARN_UNDECLARED_SELECTOR = YES;
				GCC_WARN_UNINITIALIZED_AUTOS = YES_AGGRESSIVE;
				GCC_WARN_UNUSED_FUNCTION = YES;
				GCC_WARN_UNUSED_VARIABLE = YES;
				IPHONEOS_DEPLOYMENT_TARGET = 16.2;
				MTL_ENABLE_DEBUG_INFO = INCLUDE_SOURCE;
				MTL_FAST_MATH = YES;
				ONLY_ACTIVE_ARCH = YES;
				SDKROOT = iphoneos;
				SWIFT_ACTIVE_COMPILATION_CONDITIONS = DEBUG;
				SWIFT_OPTIMIZATION_LEVEL = "-Onone";
			};
			name = Debug;
		};
		A247EF5429A7E8FD009D9BF2 /* Release */ = {
			isa = XCBuildConfiguration;
			buildSettings = {
				ALWAYS_SEARCH_USER_PATHS = NO;
				CLANG_ANALYZER_NONNULL = YES;
				CLANG_ANALYZER_NUMBER_OBJECT_CONVERSION = YES_AGGRESSIVE;
				CLANG_CXX_LANGUAGE_STANDARD = "gnu++20";
				CLANG_ENABLE_MODULES = YES;
				CLANG_ENABLE_OBJC_ARC = YES;
				CLANG_ENABLE_OBJC_WEAK = YES;
				CLANG_WARN_BLOCK_CAPTURE_AUTORELEASING = YES;
				CLANG_WARN_BOOL_CONVERSION = YES;
				CLANG_WARN_COMMA = YES;
				CLANG_WARN_CONSTANT_CONVERSION = YES;
				CLANG_WARN_DEPRECATED_OBJC_IMPLEMENTATIONS = YES;
				CLANG_WARN_DIRECT_OBJC_ISA_USAGE = YES_ERROR;
				CLANG_WARN_DOCUMENTATION_COMMENTS = YES;
				CLANG_WARN_EMPTY_BODY = YES;
				CLANG_WARN_ENUM_CONVERSION = YES;
				CLANG_WARN_INFINITE_RECURSION = YES;
				CLANG_WARN_INT_CONVERSION = YES;
				CLANG_WARN_NON_LITERAL_NULL_CONVERSION = YES;
				CLANG_WARN_OBJC_IMPLICIT_RETAIN_SELF = YES;
				CLANG_WARN_OBJC_LITERAL_CONVERSION = YES;
				CLANG_WARN_OBJC_ROOT_CLASS = YES_ERROR;
				CLANG_WARN_QUOTED_INCLUDE_IN_FRAMEWORK_HEADER = YES;
				CLANG_WARN_RANGE_LOOP_ANALYSIS = YES;
				CLANG_WARN_STRICT_PROTOTYPES = YES;
				CLANG_WARN_SUSPICIOUS_MOVE = YES;
				CLANG_WARN_UNGUARDED_AVAILABILITY = YES_AGGRESSIVE;
				CLANG_WARN_UNREACHABLE_CODE = YES;
				CLANG_WARN__DUPLICATE_METHOD_MATCH = YES;
				COPY_PHASE_STRIP = NO;
				DEBUG_INFORMATION_FORMAT = "dwarf-with-dsym";
				ENABLE_NS_ASSERTIONS = NO;
				ENABLE_STRICT_OBJC_MSGSEND = YES;
				GCC_C_LANGUAGE_STANDARD = gnu11;
				GCC_NO_COMMON_BLOCKS = YES;
				GCC_WARN_64_TO_32_BIT_CONVERSION = YES;
				GCC_WARN_ABOUT_RETURN_TYPE = YES_ERROR;
				GCC_WARN_UNDECLARED_SELECTOR = YES;
				GCC_WARN_UNINITIALIZED_AUTOS = YES_AGGRESSIVE;
				GCC_WARN_UNUSED_FUNCTION = YES;
				GCC_WARN_UNUSED_VARIABLE = YES;
				IPHONEOS_DEPLOYMENT_TARGET = 16.2;
				MTL_ENABLE_DEBUG_INFO = NO;
				MTL_FAST_MATH = YES;
				SDKROOT = iphoneos;
				SWIFT_COMPILATION_MODE = wholemodule;
				SWIFT_OPTIMIZATION_LEVEL = "-O";
				VALIDATE_PRODUCT = YES;
			};
			name = Release;
		};
		A247EF5629A7E8FD009D9BF2 /* Debug */ = {
			isa = XCBuildConfiguration;
			buildSettings = {
				ASSETCATALOG_COMPILER_APPICON_NAME = AppIcon;
				ASSETCATALOG_COMPILER_GLOBAL_ACCENT_COLOR_NAME = AccentColor;
				CODE_SIGN_STYLE = Automatic;
				CURRENT_PROJECT_VERSION = 1;
				DEVELOPMENT_TEAM = LA7VS69CK4;
				GENERATE_INFOPLIST_FILE = YES;
				INFOPLIST_FILE = PokemonGO/Info.plist;
				INFOPLIST_KEY_UIApplicationSupportsIndirectInputEvents = YES;
				INFOPLIST_KEY_UILaunchStoryboardName = LaunchScreen;
				INFOPLIST_KEY_UIMainStoryboardFile = Main;
				INFOPLIST_KEY_UISupportedInterfaceOrientations_iPad = "UIInterfaceOrientationPortrait UIInterfaceOrientationPortraitUpsideDown UIInterfaceOrientationLandscapeLeft UIInterfaceOrientationLandscapeRight";
				INFOPLIST_KEY_UISupportedInterfaceOrientations_iPhone = "UIInterfaceOrientationPortrait UIInterfaceOrientationLandscapeLeft UIInterfaceOrientationLandscapeRight";
				LD_RUNPATH_SEARCH_PATHS = (
					"$(inherited)",
					"@executable_path/Frameworks",
				);
				MARKETING_VERSION = 1.0;
				PRODUCT_BUNDLE_IDENTIFIER = Leandro.PokemonGO;
				PRODUCT_NAME = "$(TARGET_NAME)";
				SWIFT_EMIT_LOC_STRINGS = YES;
				SWIFT_VERSION = 5.0;
				TARGETED_DEVICE_FAMILY = "1,2";
			};
			name = Debug;
		};
		A247EF5729A7E8FD009D9BF2 /* Release */ = {
			isa = XCBuildConfiguration;
			buildSettings = {
				ASSETCATALOG_COMPILER_APPICON_NAME = AppIcon;
				ASSETCATALOG_COMPILER_GLOBAL_ACCENT_COLOR_NAME = AccentColor;
				CODE_SIGN_STYLE = Automatic;
				CURRENT_PROJECT_VERSION = 1;
				DEVELOPMENT_TEAM = LA7VS69CK4;
				GENERATE_INFOPLIST_FILE = YES;
				INFOPLIST_FILE = PokemonGO/Info.plist;
				INFOPLIST_KEY_UIApplicationSupportsIndirectInputEvents = YES;
				INFOPLIST_KEY_UILaunchStoryboardName = LaunchScreen;
				INFOPLIST_KEY_UIMainStoryboardFile = Main;
				INFOPLIST_KEY_UISupportedInterfaceOrientations_iPad = "UIInterfaceOrientationPortrait UIInterfaceOrientationPortraitUpsideDown UIInterfaceOrientationLandscapeLeft UIInterfaceOrientationLandscapeRight";
				INFOPLIST_KEY_UISupportedInterfaceOrientations_iPhone = "UIInterfaceOrientationPortrait UIInterfaceOrientationLandscapeLeft UIInterfaceOrientationLandscapeRight";
				LD_RUNPATH_SEARCH_PATHS = (
					"$(inherited)",
					"@executable_path/Frameworks",
				);
				MARKETING_VERSION = 1.0;
				PRODUCT_BUNDLE_IDENTIFIER = Leandro.PokemonGO;
				PRODUCT_NAME = "$(TARGET_NAME)";
				SWIFT_EMIT_LOC_STRINGS = YES;
				SWIFT_VERSION = 5.0;
				TARGETED_DEVICE_FAMILY = "1,2";
			};
			name = Release;
		};
/* End XCBuildConfiguration section */

/* Begin XCConfigurationList section */
		A247EF3929A7E8FC009D9BF2 /* Build configuration list for PBXProject "PokemonGO" */ = {
			isa = XCConfigurationList;
			buildConfigurations = (
				A247EF5329A7E8FD009D9BF2 /* Debug */,
				A247EF5429A7E8FD009D9BF2 /* Release */,
			);
			defaultConfigurationIsVisible = 0;
			defaultConfigurationName = Release;
		};
		A247EF5529A7E8FD009D9BF2 /* Build configuration list for PBXNativeTarget "PokemonGO" */ = {
			isa = XCConfigurationList;
			buildConfigurations = (
				A247EF5629A7E8FD009D9BF2 /* Debug */,
				A247EF5729A7E8FD009D9BF2 /* Release */,
			);
			defaultConfigurationIsVisible = 0;
			defaultConfigurationName = Release;
		};
/* End XCConfigurationList section */

/* Begin XCVersionGroup section */
		A247EF4A29A7E8FC009D9BF2 /* PokemonGO.xcdatamodeld */ = {
			isa = XCVersionGroup;
			children = (
				A247EF4B29A7E8FC009D9BF2 /* PokemonGO.xcdatamodel */,
			);
			currentVersion = A247EF4B29A7E8FC009D9BF2 /* PokemonGO.xcdatamodel */;
			path = PokemonGO.xcdatamodeld;
			sourceTree = "<group>";
			versionGroupType = wrapper.xcdatamodel;
		};
/* End XCVersionGroup section */
	};
	rootObject = A247EF3629A7E8FC009D9BF2 /* Project object */;
}
